
Microsoft Visual Studio Solution File, Format Version 12.00
# Visual Studio 15
VisualStudioVersion = 15.0.28307.572
MinimumVisualStudioVersion = 10.0.40219.1
Project("{FAE04EC0-301F-11D3-BF4B-00C04F79EFBC}") = "Semana01_caso1", "Semana01_caso1\Semana01_caso1.csproj", "{6FFBB5C4-84CB-4DE2-8AD7-167206407E61}"
EndProject
Global
	GlobalSection(SolutionConfigurationPlatforms) = preSolution
		Debug|Any CPU = Debug|Any CPU
		Release|Any CPU = Release|Any CPU
	EndGlobalSection
	GlobalSection(ProjectConfigurationPlatforms) = postSolution
		{6FFBB5C4-84CB-4DE2-8AD7-167206407E61}.Debug|Any CPU.ActiveCfg = Debug|Any CPU
		{6FFBB5C4-84CB-4DE2-8AD7-167206407E61}.Debug|Any CPU.Build.0 = Debug|Any CPU
		{6FFBB5C4-84CB-4DE2-8AD7-167206407E61}.Release|Any CPU.ActiveCfg = Release|Any CPU
		{6FFBB5C4-84CB-4DE2-8AD7-167206407E61}.Release|Any CPU.Build.0 = Release|Any CPU
	EndGlobalSection
	GlobalSection(SolutionProperties) = preSolution
		HideSolutionNode = FALSE
	EndGlobalSection
	GlobalSection(ExtensibilityGlobals) = postSolution
		SolutionGuid = {3831A700-FF1B-4AAC-B30C-102CC8E77422}
	EndGlobalSection
EndGlobal
